{
  "object": {
    "pins": [
      {
        "package": "URLImage",
        "repositoryURL": "https://github.com/dmytro-anokhin/url-image",
        "state": {
          "branch": null,
          "revision": "ed38bcdbbf1a5189173b634d0429bba01ab88a0a",
          "version": "2.1.10"
        }
      }
    ]
  },
  "version": 1
}
